{
  "name": "coveo-search-ui",
  "version": "2.0.4",
  "lockfileVersion": 1,
  "requires": true,
  "dependencies": {
    "exponential-backoff": {
      "version": "1.0.5",
      "resolved": "https://registry.npmjs.org/exponential-backoff/-/exponential-backoff-1.0.5.tgz",
      "integrity": "sha512-XlwAcBzxCsTqTxVJST2JKAojmg46mArccm1PCusX5S3mDG5ecOUj2HLwoXDErOo1HlvhBpe/1DriVZZ3Nd6AOw=="
    }
  }
}
